// !$*UTF8*$!
{
	archiveVersion = 1;
	classes = {
	};
	objectVersion = 51;
	objects = {

/* Begin PBXBuildFile section */
		3C3EBAFC23B10BF900E7C09F /* ProfileViewController.swift in Sources */ = {isa = PBXBuildFile; fileRef = 3C3EBAFB23B10BF900E7C09F /* ProfileViewController.swift */; };
		3C92402A23B142BF00AD8D04 /* credentials.plist in Resources */ = {isa = PBXBuildFile; fileRef = 3C92402923B142BE00AD8D04 /* credentials.plist */; };
		3C92402C23B146E700AD8D04 /* DropSegue.swift in Sources */ = {isa = PBXBuildFile; fileRef = 3C92402B23B146E700AD8D04 /* DropSegue.swift */; };
		3C92402F23B1470400AD8D04 /* Custom-ImageView.swift in Sources */ = {isa = PBXBuildFile; fileRef = 3C92402D23B1470400AD8D04 /* Custom-ImageView.swift */; };
		3C92403023B1470400AD8D04 /* Custom-Button.swift in Sources */ = {isa = PBXBuildFile; fileRef = 3C92402E23B1470400AD8D04 /* Custom-Button.swift */; };
		3CC5237223AFDF3000B237F1 /* AppDelegate.swift in Sources */ = {isa = PBXBuildFile; fileRef = 3CC5237123AFDF3000B237F1 /* AppDelegate.swift */; };
		3CC5237423AFDF3000B237F1 /* SceneDelegate.swift in Sources */ = {isa = PBXBuildFile; fileRef = 3CC5237323AFDF3000B237F1 /* SceneDelegate.swift */; };
		3CC5237623AFDF3000B237F1 /* ViewController.swift in Sources */ = {isa = PBXBuildFile; fileRef = 3CC5237523AFDF3000B237F1 /* ViewController.swift */; };
		3CC5237923AFDF3000B237F1 /* Main.storyboard in Resources */ = {isa = PBXBuildFile; fileRef = 3CC5237723AFDF3000B237F1 /* Main.storyboard */; };
		3CC5237B23AFDF3600B237F1 /* Assets.xcassets in Resources */ = {isa = PBXBuildFile; fileRef = 3CC5237A23AFDF3600B237F1 /* Assets.xcassets */; };
		3CC5237E23AFDF3600B237F1 /* LaunchScreen.storyboard in Resources */ = {isa = PBXBuildFile; fileRef = 3CC5237C23AFDF3600B237F1 /* LaunchScreen.storyboard */; };
		3CC5238823B00A7F00B237F1 /* User.swift in Sources */ = {isa = PBXBuildFile; fileRef = 3CC5238723B00A7F00B237F1 /* User.swift */; };
		F62A5CAE0EB8AB6D405B88EC /* Pods_FaceBook_Login_Integration.framework in Frameworks */ = {isa = PBXBuildFile; fileRef = B8613D918A6A78B643CB7610 /* Pods_FaceBook_Login_Integration.framework */; };
/* End PBXBuildFile section */

/* Begin PBXFileReference section */
		3542F43019FDFCE27BCA52BD /* Pods-FaceBook Login Integration.debug.xcconfig */ = {isa = PBXFileReference; includeInIndex = 1; lastKnownFileType = text.xcconfig; name = "Pods-FaceBook Login Integration.debug.xcconfig"; path = "Target Support Files/Pods-FaceBook Login Integration/Pods-FaceBook Login Integration.debug.xcconfig"; sourceTree = "<group>"; };
		3C3EBAFB23B10BF900E7C09F /* ProfileViewController.swift */ = {isa = PBXFileReference; lastKnownFileType = sourcecode.swift; path = ProfileViewController.swift; sourceTree = "<group>"; };
		3C92402923B142BE00AD8D04 /* credentials.plist */ = {isa = PBXFileReference; fileEncoding = 4; lastKnownFileType = text.plist.xml; path = credentials.plist; sourceTree = "<group>"; };
		3C92402B23B146E700AD8D04 /* DropSegue.swift */ = {isa = PBXFileReference; fileEncoding = 4; lastKnownFileType = sourcecode.swift; path = DropSegue.swift; sourceTree = "<group>"; };
		3C92402D23B1470400AD8D04 /* Custom-ImageView.swift */ = {isa = PBXFileReference; fileEncoding = 4; lastKnownFileType = sourcecode.swift; path = "Custom-ImageView.swift"; sourceTree = "<group>"; };
		3C92402E23B1470400AD8D04 /* Custom-Button.swift */ = {isa = PBXFileReference; fileEncoding = 4; lastKnownFileType = sourcecode.swift; path = "Custom-Button.swift"; sourceTree = "<group>"; };
		3CA3C3D523B3626500A5F09F /* FaceBook Login Integration.entitlements */ = {isa = PBXFileReference; lastKnownFileType = text.plist.entitlements; path = "FaceBook Login Integration.entitlements"; sourceTree = "<group>"; };
		3CC5236E23AFDF3000B237F1 /* FaceBook Login Integration.app */ = {isa = PBXFileReference; explicitFileType = wrapper.application; includeInIndex = 0; path = "FaceBook Login Integration.app"; sourceTree = BUILT_PRODUCTS_DIR; };
		3CC5237123AFDF3000B237F1 /* AppDelegate.swift */ = {isa = PBXFileReference; lastKnownFileType = sourcecode.swift; path = AppDelegate.swift; sourceTree = "<group>"; };
		3CC5237323AFDF3000B237F1 /* SceneDelegate.swift */ = {isa = PBXFileReference; lastKnownFileType = sourcecode.swift; path = SceneDelegate.swift; sourceTree = "<group>"; };
		3CC5237523AFDF3000B237F1 /* ViewController.swift */ = {isa = PBXFileReference; lastKnownFileType = sourcecode.swift; path = ViewController.swift; sourceTree = "<group>"; };
		3CC5237823AFDF3000B237F1 /* Base */ = {isa = PBXFileReference; lastKnownFileType = file.storyboard; name = Base; path = Base.lproj/Main.storyboard; sourceTree = "<group>"; };
		3CC5237A23AFDF3600B237F1 /* Assets.xcassets */ = {isa = PBXFileReference; lastKnownFileType = folder.assetcatalog; path = Assets.xcassets; sourceTree = "<group>"; };
		3CC5237D23AFDF3600B237F1 /* Base */ = {isa = PBXFileReference; lastKnownFileType = file.storyboard; name = Base; path = Base.lproj/LaunchScreen.storyboard; sourceTree = "<group>"; };
		3CC5237F23AFDF3600B237F1 /* Info.plist */ = {isa = PBXFileReference; lastKnownFileType = text.plist.xml; path = Info.plist; sourceTree = "<group>"; };
		3CC5238723B00A7F00B237F1 /* User.swift */ = {isa = PBXFileReference; lastKnownFileType = sourcecode.swift; path = User.swift; sourceTree = "<group>"; };
		9770779496B53D387729400F /* Pods-FaceBook Login Integration.release.xcconfig */ = {isa = PBXFileReference; includeInIndex = 1; lastKnownFileType = text.xcconfig; name = "Pods-FaceBook Login Integration.release.xcconfig"; path = "Target Support Files/Pods-FaceBook Login Integration/Pods-FaceBook Login Integration.release.xcconfig"; sourceTree = "<group>"; };
		B8613D918A6A78B643CB7610 /* Pods_FaceBook_Login_Integration.framework */ = {isa = PBXFileReference; explicitFileType = wrapper.framework; includeInIndex = 0; path = Pods_FaceBook_Login_Integration.framework; sourceTree = BUILT_PRODUCTS_DIR; };
/* End PBXFileReference section */

/* Begin PBXFrameworksBuildPhase section */
		3CC5236B23AFDF3000B237F1 /* Frameworks */ = {
			isa = PBXFrameworksBuildPhase;
			buildActionMask = 2147483647;
			files = (
				F62A5CAE0EB8AB6D405B88EC /* Pods_FaceBook_Login_Integration.framework in Frameworks */,
			);
			runOnlyForDeploymentPostprocessing = 0;
		};
/* End PBXFrameworksBuildPhase section */

/* Begin PBXGroup section */
		1CB628C795B1028B754DDCF7 /* Pods */ = {
			isa = PBXGroup;
			children = (
				3542F43019FDFCE27BCA52BD /* Pods-FaceBook Login Integration.debug.xcconfig */,
				9770779496B53D387729400F /* Pods-FaceBook Login Integration.release.xcconfig */,
			);
			path = Pods;
			sourceTree = "<group>";
		};
		3C92403123B1470D00AD8D04 /* View */ = {
			isa = PBXGroup;
			children = (
				3C92402B23B146E700AD8D04 /* DropSegue.swift */,
				3C92402E23B1470400AD8D04 /* Custom-Button.swift */,
				3C92402D23B1470400AD8D04 /* Custom-ImageView.swift */,
			);
			path = View;
			sourceTree = "<group>";
		};
		3CC5236523AFDF2F00B237F1 = {
			isa = PBXGroup;
			children = (
				3CC5237023AFDF3000B237F1 /* FaceBook Login Integration */,
				3CC5236F23AFDF3000B237F1 /* Products */,
				1CB628C795B1028B754DDCF7 /* Pods */,
				EE983C34739DE595D995CA56 /* Frameworks */,
			);
			sourceTree = "<group>";
		};
		3CC5236F23AFDF3000B237F1 /* Products */ = {
			isa = PBXGroup;
			children = (
				3CC5236E23AFDF3000B237F1 /* FaceBook Login Integration.app */,
			);
			name = Products;
			sourceTree = "<group>";
		};
		3CC5237023AFDF3000B237F1 /* FaceBook Login Integration */ = {
			isa = PBXGroup;
			children = (
				3CA3C3D523B3626500A5F09F /* FaceBook Login Integration.entitlements */,
				3CC5237123AFDF3000B237F1 /* AppDelegate.swift */,
				3CC5237323AFDF3000B237F1 /* SceneDelegate.swift */,
				3CC5238623B00A5300B237F1 /* Model */,
				3C92403123B1470D00AD8D04 /* View */,
				3CC5238523B00A3900B237F1 /* Controller */,
				3CC5237723AFDF3000B237F1 /* Main.storyboard */,
				3CC5237A23AFDF3600B237F1 /* Assets.xcassets */,
				3CC5237C23AFDF3600B237F1 /* LaunchScreen.storyboard */,
				3CC5237F23AFDF3600B237F1 /* Info.plist */,
				3C92402923B142BE00AD8D04 /* credentials.plist */,
			);
			path = "FaceBook Login Integration";
			sourceTree = "<group>";
		};
		3CC5238523B00A3900B237F1 /* Controller */ = {
			isa = PBXGroup;
			children = (
				3CC5237523AFDF3000B237F1 /* ViewController.swift */,
				3C3EBAFB23B10BF900E7C09F /* ProfileViewController.swift */,
			);
			path = Controller;
			sourceTree = "<group>";
		};
		3CC5238623B00A5300B237F1 /* Model */ = {
			isa = PBXGroup;
			children = (
				3CC5238723B00A7F00B237F1 /* User.swift */,
			);
			path = Model;
			sourceTree = "<group>";
		};
		EE983C34739DE595D995CA56 /* Frameworks */ = {
			isa = PBXGroup;
			children = (
				B8613D918A6A78B643CB7610 /* Pods_FaceBook_Login_Integration.framework */,
			);
			name = Frameworks;
			sourceTree = "<group>";
		};
/* End PBXGroup section */

/* Begin PBXNativeTarget section */
		3CC5236D23AFDF3000B237F1 /* FaceBook Login Integration */ = {
			isa = PBXNativeTarget;
			buildConfigurationList = 3CC5238223AFDF3600B237F1 /* Build configuration list for PBXNativeTarget "FaceBook Login Integration" */;
			buildPhases = (
				DD4E061B9745FFD976A5BECA /* [CP] Check Pods Manifest.lock */,
				3CC5236A23AFDF3000B237F1 /* Sources */,
				3CC5236B23AFDF3000B237F1 /* Frameworks */,
				3CC5236C23AFDF3000B237F1 /* Resources */,
				B56BBBC8FF8D340A2CD23FD5 /* [CP] Embed Pods Frameworks */,
				5E78EDFCBDC5E2DC0B966956 /* [CP] Copy Pods Resources */,
			);
			buildRules = (
			);
			dependencies = (
			);
			name = "FaceBook Login Integration";
			productName = "FaceBook Login Integration";
			productReference = 3CC5236E23AFDF3000B237F1 /* FaceBook Login Integration.app */;
			productType = "com.apple.product-type.application";
		};
/* End PBXNativeTarget section */

/* Begin PBXProject section */
		3CC5236623AFDF2F00B237F1 /* Project object */ = {
			isa = PBXProject;
			attributes = {
				LastSwiftUpdateCheck = 1120;
				LastUpgradeCheck = 1120;
				ORGANIZATIONNAME = "Usama Sadiq";
				TargetAttributes = {
					3CC5236D23AFDF3000B237F1 = {
						CreatedOnToolsVersion = 11.2;
					};
				};
			};
			buildConfigurationList = 3CC5236923AFDF2F00B237F1 /* Build configuration list for PBXProject "FaceBook Login Integration" */;
			compatibilityVersion = "Xcode 9.3";
			developmentRegion = en;
			hasScannedForEncodings = 0;
			knownRegions = (
				en,
				Base,
			);
			mainGroup = 3CC5236523AFDF2F00B237F1;
			productRefGroup = 3CC5236F23AFDF3000B237F1 /* Products */;
			projectDirPath = "";
			projectRoot = "";
			targets = (
				3CC5236D23AFDF3000B237F1 /* FaceBook Login Integration */,
			);
		};
/* End PBXProject section */

/* Begin PBXResourcesBuildPhase section */
		3CC5236C23AFDF3000B237F1 /* Resources */ = {
			isa = PBXResourcesBuildPhase;
			buildActionMask = 2147483647;
			files = (
				3CC5237E23AFDF3600B237F1 /* LaunchScreen.storyboard in Resources */,
				3C92402A23B142BF00AD8D04 /* credentials.plist in Resources */,
				3CC5237B23AFDF3600B237F1 /* Assets.xcassets in Resources */,
				3CC5237923AFDF3000B237F1 /* Main.storyboard in Resources */,
			);
			runOnlyForDeploymentPostprocessing = 0;
		};
/* End PBXResourcesBuildPhase section */

/* Begin PBXShellScriptBuildPhase section */
		5E78EDFCBDC5E2DC0B966956 /* [CP] Copy Pods Resources */ = {
			isa = PBXShellScriptBuildPhase;
			buildActionMask = 2147483647;
			files = (
			);
			inputFileListPaths = (
				"${PODS_ROOT}/Target Support Files/Pods-FaceBook Login Integration/Pods-FaceBook Login Integration-resources-${CONFIGURATION}-input-files.xcfilelist",
			);
			name = "[CP] Copy Pods Resources";
			outputFileListPaths = (
				"${PODS_ROOT}/Target Support Files/Pods-FaceBook Login Integration/Pods-FaceBook Login Integration-resources-${CONFIGURATION}-output-files.xcfilelist",
			);
			runOnlyForDeploymentPostprocessing = 0;
			shellPath = /bin/sh;
			shellScript = "\"${PODS_ROOT}/Target Support Files/Pods-FaceBook Login Integration/Pods-FaceBook Login Integration-resources.sh\"\n";
			showEnvVarsInLog = 0;
		};
		B56BBBC8FF8D340A2CD23FD5 /* [CP] Embed Pods Frameworks */ = {
			isa = PBXShellScriptBuildPhase;
			buildActionMask = 2147483647;
			files = (
			);
			inputFileListPaths = (
				"${PODS_ROOT}/Target Support Files/Pods-FaceBook Login Integration/Pods-FaceBook Login Integration-frameworks-${CONFIGURATION}-input-files.xcfilelist",
			);
			name = "[CP] Embed Pods Frameworks";
			outputFileListPaths = (
				"${PODS_ROOT}/Target Support Files/Pods-FaceBook Login Integration/Pods-FaceBook Login Integration-frameworks-${CONFIGURATION}-output-files.xcfilelist",
			);
			runOnlyForDeploymentPostprocessing = 0;
			shellPath = /bin/sh;
			shellScript = "\"${PODS_ROOT}/Target Support Files/Pods-FaceBook Login Integration/Pods-FaceBook Login Integration-frameworks.sh\"\n";
			showEnvVarsInLog = 0;
		};
		DD4E061B9745FFD976A5BECA /* [CP] Check Pods Manifest.lock */ = {
			isa = PBXShellScriptBuildPhase;
			buildActionMask = 2147483647;
			files = (
			);
			inputFileListPaths = (
			);
			inputPaths = (
				"${PODS_PODFILE_DIR_PATH}/Podfile.lock",
				"${PODS_ROOT}/Manifest.lock",
			);
			name = "[CP] Check Pods Manifest.lock";
			outputFileListPaths = (
			);
			outputPaths = (
				"$(DERIVED_FILE_DIR)/Pods-FaceBook Login Integration-checkManifestLockResult.txt",
			);
			runOnlyForDeploymentPostprocessing = 0;
			shellPath = /bin/sh;
			shellScript = "diff \"${PODS_PODFILE_DIR_PATH}/Podfile.lock\" \"${PODS_ROOT}/Manifest.lock\" > /dev/null\nif [ $? != 0 ] ; then\n    # print error to STDERR\n    echo \"error: The sandbox is not in sync with the Podfile.lock. Run 'pod install' or update your CocoaPods installation.\" >&2\n    exit 1\nfi\n# This output is used by Xcode 'outputs' to avoid re-running this script phase.\necho \"SUCCESS\" > \"${SCRIPT_OUTPUT_FILE_0}\"\n";
			showEnvVarsInLog = 0;
		};
/* End PBXShellScriptBuildPhase section */

/* Begin PBXSourcesBuildPhase section */
		3CC5236A23AFDF3000B237F1 /* Sources */ = {
			isa = PBXSourcesBuildPhase;
			buildActionMask = 2147483647;
			files = (
				3C3EBAFC23B10BF900E7C09F /* ProfileViewController.swift in Sources */,
				3CC5238823B00A7F00B237F1 /* User.swift in Sources */,
				3C92403023B1470400AD8D04 /* Custom-Button.swift in Sources */,
				3C92402C23B146E700AD8D04 /* DropSegue.swift in Sources */,
				3CC5237623AFDF3000B237F1 /* ViewController.swift in Sources */,
				3CC5237223AFDF3000B237F1 /* AppDelegate.swift in Sources */,
				3CC5237423AFDF3000B237F1 /* SceneDelegate.swift in Sources */,
				3C92402F23B1470400AD8D04 /* Custom-ImageView.swift in Sources */,
			);
			runOnlyForDeploymentPostprocessing = 0;
		};
/* End PBXSourcesBuildPhase section */

/* Begin PBXVariantGroup section */
		3CC5237723AFDF3000B237F1 /* Main.storyboard */ = {
			isa = PBXVariantGroup;
			children = (
				3CC5237823AFDF3000B237F1 /* Base */,
			);
			name = Main.storyboard;
			sourceTree = "<group>";
		};
		3CC5237C23AFDF3600B237F1 /* LaunchScreen.storyboard */ = {
			isa = PBXVariantGroup;
			children = (
				3CC5237D23AFDF3600B237F1 /* Base */,
			);
			name = LaunchScreen.storyboard;
			sourceTree = "<group>";
		};
/* End PBXVariantGroup section */

/* Begin XCBuildConfiguration section */
		3CC5238023AFDF3600B237F1 /* Debug */ = {
			isa = XCBuildConfiguration;
			buildSettings = {
				ALWAYS_SEARCH_USER_PATHS = NO;
				CLANG_ANALYZER_NONNULL = YES;
				CLANG_ANALYZER_NUMBER_OBJECT_CONVERSION = YES_AGGRESSIVE;
				CLANG_CXX_LANGUAGE_STANDARD = "gnu++14";
				CLANG_CXX_LIBRARY = "libc++";
				CLANG_ENABLE_MODULES = YES;
				CLANG_ENABLE_OBJC_ARC = YES;
				CLANG_ENABLE_OBJC_WEAK = YES;
				CLANG_WARN_BLOCK_CAPTURE_AUTORELEASING = YES;
				CLANG_WARN_BOOL_CONVERSION = YES;
				CLANG_WARN_COMMA = YES;
				CLANG_WARN_CONSTANT_CONVERSION = YES;
				CLANG_WARN_DEPRECATED_OBJC_IMPLEMENTATIONS = YES;
				CLANG_WARN_DIRECT_OBJC_ISA_USAGE = YES_ERROR;
				CLANG_WARN_DOCUMENTATION_COMMENTS = YES;
				CLANG_WARN_EMPTY_BODY = YES;
				CLANG_WARN_ENUM_CONVERSION = YES;
				CLANG_WARN_INFINITE_RECURSION = YES;
				CLANG_WARN_INT_CONVERSION = YES;
				CLANG_WARN_NON_LITERAL_NULL_CONVERSION = YES;
				CLANG_WARN_OBJC_IMPLICIT_RETAIN_SELF = YES;
				CLANG_WARN_OBJC_LITERAL_CONVERSION = YES;
				CLANG_WARN_OBJC_ROOT_CLASS = YES_ERROR;
				CLANG_WARN_RANGE_LOOP_ANALYSIS = YES;
				CLANG_WARN_STRICT_PROTOTYPES = YES;
				CLANG_WARN_SUSPICIOUS_MOVE = YES;
				CLANG_WARN_UNGUARDED_AVAILABILITY = YES_AGGRESSIVE;
				CLANG_WARN_UNREACHABLE_CODE = YES;
				CLANG_WARN__DUPLICATE_METHOD_MATCH = YES;
				COPY_PHASE_STRIP = NO;
				DEBUG_INFORMATION_FORMAT = dwarf;
				ENABLE_STRICT_OBJC_MSGSEND = YES;
				ENABLE_TESTABILITY = YES;
				GCC_C_LANGUAGE_STANDARD = gnu11;
				GCC_DYNAMIC_NO_PIC = NO;
				GCC_NO_COMMON_BLOCKS = YES;
				GCC_OPTIMIZATION_LEVEL = 0;
				GCC_PREPROCESSOR_DEFINITIONS = (
					"DEBUG=1",
					"$(inherited)",
				);
				GCC_WARN_64_TO_32_BIT_CONVERSION = YES;
				GCC_WARN_ABOUT_RETURN_TYPE = YES_ERROR;
				GCC_WARN_UNDECLARED_SELECTOR = YES;
				GCC_WARN_UNINITIALIZED_AUTOS = YES_AGGRESSIVE;
				GCC_WARN_UNUSED_FUNCTION = YES;
				GCC_WARN_UNUSED_VARIABLE = YES;
				IPHONEOS_DEPLOYMENT_TARGET = 13.2;
				MTL_ENABLE_DEBUG_INFO = INCLUDE_SOURCE;
				MTL_FAST_MATH = YES;
				ONLY_ACTIVE_ARCH = YES;
				SDKROOT = iphoneos;
				SWIFT_ACTIVE_COMPILATION_CONDITIONS = DEBUG;
				SWIFT_OPTIMIZATION_LEVEL = "-Onone";
			};
			name = Debug;
		};
		3CC5238123AFDF3600B237F1 /* Release */ = {
			isa = XCBuildConfiguration;
			buildSettings = {
				ALWAYS_SEARCH_USER_PATHS = NO;
				CLANG_ANALYZER_NONNULL = YES;
				CLANG_ANALYZER_NUMBER_OBJECT_CONVERSION = YES_AGGRESSIVE;
				CLANG_CXX_LANGUAGE_STANDARD = "gnu++14";
				CLANG_CXX_LIBRARY = "libc++";
				CLANG_ENABLE_MODULES = YES;
				CLANG_ENABLE_OBJC_ARC = YES;
				CLANG_ENABLE_OBJC_WEAK = YES;
				CLANG_WARN_BLOCK_CAPTURE_AUTORELEASING = YES;
				CLANG_WARN_BOOL_CONVERSION = YES;
				CLANG_WARN_COMMA = YES;
				CLANG_WARN_CONSTANT_CONVERSION = YES;
				CLANG_WARN_DEPRECATED_OBJC_IMPLEMENTATIONS = YES;
				CLANG_WARN_DIRECT_OBJC_ISA_USAGE = YES_ERROR;
				CLANG_WARN_DOCUMENTATION_COMMENTS = YES;
				CLANG_WARN_EMPTY_BODY = YES;
				CLANG_WARN_ENUM_CONVERSION = YES;
				CLANG_WARN_INFINITE_RECURSION = YES;
				CLANG_WARN_INT_CONVERSION = YES;
				CLANG_WARN_NON_LITERAL_NULL_CONVERSION = YES;
				CLANG_WARN_OBJC_IMPLICIT_RETAIN_SELF = YES;
				CLANG_WARN_OBJC_LITERAL_CONVERSION = YES;
				CLANG_WARN_OBJC_ROOT_CLASS = YES_ERROR;
				CLANG_WARN_RANGE_LOOP_ANALYSIS = YES;
				CLANG_WARN_STRICT_PROTOTYPES = YES;
				CLANG_WARN_SUSPICIOUS_MOVE = YES;
				CLANG_WARN_UNGUARDED_AVAILABILITY = YES_AGGRESSIVE;
				CLANG_WARN_UNREACHABLE_CODE = YES;
				CLANG_WARN__DUPLICATE_METHOD_MATCH = YES;
				COPY_PHASE_STRIP = NO;
				DEBUG_INFORMATION_FORMAT = "dwarf-with-dsym";
				ENABLE_NS_ASSERTIONS = NO;
				ENABLE_STRICT_OBJC_MSGSEND = YES;
				GCC_C_LANGUAGE_STANDARD = gnu11;
				GCC_NO_COMMON_BLOCKS = YES;
				GCC_WARN_64_TO_32_BIT_CONVERSION = YES;
				GCC_WARN_ABOUT_RETURN_TYPE = YES_ERROR;
				GCC_WARN_UNDECLARED_SELECTOR = YES;
				GCC_WARN_UNINITIALIZED_AUTOS = YES_AGGRESSIVE;
				GCC_WARN_UNUSED_FUNCTION = YES;
				GCC_WARN_UNUSED_VARIABLE = YES;
				IPHONEOS_DEPLOYMENT_TARGET = 13.2;
				MTL_ENABLE_DEBUG_INFO = NO;
				MTL_FAST_MATH = YES;
				SDKROOT = iphoneos;
				SWIFT_COMPILATION_MODE = wholemodule;
				SWIFT_OPTIMIZATION_LEVEL = "-O";
				VALIDATE_PRODUCT = YES;
			};
			name = Release;
		};
		3CC5238323AFDF3600B237F1 /* Debug */ = {
			isa = XCBuildConfiguration;
			baseConfigurationReference = 3542F43019FDFCE27BCA52BD /* Pods-FaceBook Login Integration.debug.xcconfig */;
			buildSettings = {
				ASSETCATALOG_COMPILER_APPICON_NAME = AppIcon;
				CODE_SIGN_ENTITLEMENTS = "FaceBook Login Integration/FaceBook Login Integration.entitlements";
				CODE_SIGN_STYLE = Automatic;
				DERIVE_MACCATALYST_PRODUCT_BUNDLE_IDENTIFIER = YES;
				DEVELOPMENT_TEAM = 5J6XTP2UZJ;
				INFOPLIST_FILE = "FaceBook Login Integration/Info.plist";
				IPHONEOS_DEPLOYMENT_TARGET = 10.0;
				LD_RUNPATH_SEARCH_PATHS = (
					"$(inherited)",
					"@executable_path/Frameworks",
				);
				PRODUCT_BUNDLE_IDENTIFIER = "com.devoders.ahh.FaceBook-Login-Integration";
				PRODUCT_NAME = "$(TARGET_NAME)";
				SUPPORTS_MACCATALYST = YES;
				SWIFT_VERSION = 5.0;
				TARGETED_DEVICE_FAMILY = "1,2";
			};
			name = Debug;
		};
		3CC5238423AFDF3600B237F1 /* Release */ = {
			isa = XCBuildConfiguration;
			baseConfigurationReference = 9770779496B53D387729400F /* Pods-FaceBook Login Integration.release.xcconfig */;
			buildSettings = {
				ASSETCATALOG_COMPILER_APPICON_NAME = AppIcon;
				CODE_SIGN_ENTITLEMENTS = "FaceBook Login Integration/FaceBook Login Integration.entitlements";
				CODE_SIGN_STYLE = Automatic;
				DERIVE_MACCATALYST_PRODUCT_BUNDLE_IDENTIFIER = YES;
				DEVELOPMENT_TEAM = 5J6XTP2UZJ;
				INFOPLIST_FILE = "FaceBook Login Integration/Info.plist";
				IPHONEOS_DEPLOYMENT_TARGET = 10.0;
				LD_RUNPATH_SEARCH_PATHS = (
					"$(inherited)",
					"@executable_path/Frameworks",
				);
				PRODUCT_BUNDLE_IDENTIFIER = "com.devoders.ahh.FaceBook-Login-Integration";
				PRODUCT_NAME = "$(TARGET_NAME)";
				SUPPORTS_MACCATALYST = YES;
				SWIFT_VERSION = 5.0;
				TARGETED_DEVICE_FAMILY = "1,2";
			};
			name = Release;
		};
/* End XCBuildConfiguration section */

/* Begin XCConfigurationList section */
		3CC5236923AFDF2F00B237F1 /* Build configuration list for PBXProject "FaceBook Login Integration" */ = {
			isa = XCConfigurationList;
			buildConfigurations = (
				3CC5238023AFDF3600B237F1 /* Debug */,
				3CC5238123AFDF3600B237F1 /* Release */,
			);
			defaultConfigurationIsVisible = 0;
			defaultConfigurationName = Release;
		};
		3CC5238223AFDF3600B237F1 /* Build configuration list for PBXNativeTarget "FaceBook Login Integration" */ = {
			isa = XCConfigurationList;
			buildConfigurations = (
				3CC5238323AFDF3600B237F1 /* Debug */,
				3CC5238423AFDF3600B237F1 /* Release */,
			);
			defaultConfigurationIsVisible = 0;
			defaultConfigurationName = Release;
		};
/* End XCConfigurationList section */
	};
	rootObject = 3CC5236623AFDF2F00B237F1 /* Project object */;
}
